github.com/pointyfar/hmd-content v1.0.2 h1:ytbFN9QxL33Y/AVOTpIeiDRsKPD+IWAK50P3JqMWMN4=
github.com/pointyfar/hmd-content v1.0.2/go.mod h1:zV1M9tXLe+8GM2yT1pFaHnYfAf7IViS4skf72ac3/sA=
github.com/pointyfar/layouttrace v0.0.0-20210404135916-f92c95359254 h1:4UTy6isLKydJcUgu1CRCJ46X4WsIflbsXDSKlCgadb4=
github.com/pointyfar/layouttrace v0.0.0-20210404135916-f92c95359254/go.mod h1:GkBF3EknVqtw/pQcJQZL7aYkf70/aMZGHSSPjGim4xA=
